{
  "name": "tg",
  "version": "1.0.0",
  "lockfileVersion": 1,
  "requires": true,
  "dependencies": {
    "csv-parse": {
      "version": "1.2.1",
      "resolved": "https://registry.npmjs.org/csv-parse/-/csv-parse-1.2.1.tgz",
      "integrity": "sha1-kZnCPySQ2YxNmrKgFnsGknSYyd8="
    },
    "xmlbuilder": {
      "version": "9.0.4",
      "resolved": "https://registry.npmjs.org/xmlbuilder/-/xmlbuilder-9.0.4.tgz",
      "integrity": "sha1-UZy0ymhtAFqEINNJbz8MruzKWA8="
    }
  }
}
